// !$*UTF8*$!
{
	archiveVersion = 1;
	classes = {
	};
	objectVersion = 77;
	objects = {

/* Begin PBXBuildFile section */
		8534F24B6122C705C04B19DA /* TempoWidget.appex in Embed Foundation Extensions */ = {isa = PBXBuildFile; fileRef = 89FA679E6CA249AD3997B5C6 /* TempoWidget.appex */; settings = {ATTRIBUTES = (RemoveHeadersOnCopy, ); }; };
		A88CED51DC2CA9D71C5AA6E2 /* Foundation.framework in Frameworks */ = {isa = PBXBuildFile; fileRef = D3AA94C541F5537AF8D3EB40 /* Foundation.framework */; };
/* End PBXBuildFile section */

/* Begin PBXContainerItemProxy section */
		18A81652AB9029244D59B0FE /* PBXContainerItemProxy */ = {
			isa = PBXContainerItemProxy;
			containerPortal = 9F7995F7302C5B96002984BD /* Project object */;
			proxyType = 1;
			remoteGlobalIDString = 9D55F96649749829D53C45A0;
			remoteInfo = TempoWidget;
		};
		9F79960F302C5B97002984BD /* PBXContainerItemProxy */ = {
			isa = PBXContainerItemProxy;
			containerPortal = 9F7995F7302C5B96002984BD /* Project object */;
			proxyType = 1;
			remoteGlobalIDString = 9F7995FE302C5B96002984BD;
			remoteInfo = tempo;
		};
		9F799619302C5B97002984BD /* PBXContainerItemProxy */ = {
			isa = PBXContainerItemProxy;
			containerPortal = 9F7995F7302C5B96002984BD /* Project object */;
			proxyType = 1;
			remoteGlobalIDString = 9F7995FE302C5B96002984BD;
			remoteInfo = tempo;
		};
/* End PBXContainerItemProxy section */

/* Begin PBXCopyFilesBuildPhase section */
		E2C6539269709F9B53A9E204 /* Embed Foundation Extensions */ = {
			isa = PBXCopyFilesBuildPhase;
			buildActionMask = 2147483647;
			dstPath = "";
			dstSubfolderSpec = 13;
			files = (
				8534F24B6122C705C04B19DA /* TempoWidget.appex in Embed Foundation Extensions */,
			);
			name = "Embed Foundation Extensions";
			runOnlyForDeploymentPostprocessing = 0;
		};
/* End PBXCopyFilesBuildPhase section */

/* Begin PBXFileReference section */
		89FA679E6CA249AD3997B5C6 /* TempoWidget.appex */ = {isa = PBXFileReference; explicitFileType = "wrapper.app-extension"; includeInIndex = 0; path = TempoWidget.appex; sourceTree = BUILT_PRODUCTS_DIR; };
		9F7995FF302C5B96002984BD /* tempo.app */ = {isa = PBXFileReference; explicitFileType = wrapper.application; includeInIndex = 0; path = tempo.app; sourceTree = BUILT_PRODUCTS_DIR; };
		9F79960E302C5B97002984BD /* tempoTests.xctest */ = {isa = PBXFileReference; explicitFileType = wrapper.cfbundle; includeInIndex = 0; path = tempoTests.xctest; sourceTree = BUILT_PRODUCTS_DIR; };
		9F799618302C5B97002984BD /* tempoUITests.xctest */ = {isa = PBXFileReference; explicitFileType = wrapper.cfbundle; includeInIndex = 0; path = tempoUITests.xctest; sourceTree = BUILT_PRODUCTS_DIR; };
		A3197AF8C385C52303D58A78 /* tempo/TempoWidget-Info.plist */ = {isa = PBXFileReference; includeInIndex = 1; lastKnownFileType = text.plist.xml; path = "TempoWidget-Info.plist"; sourceTree = "<group>"; };
		D3AA94C541F5537AF8D3EB40 /* Foundation.framework */ = {isa = PBXFileReference; lastKnownFileType = wrapper.framework; name = Foundation.framework; path = Platforms/iPhoneOS.platform/Developer/SDKs/iPhoneOS26.0.sdk/System/Library/Frameworks/Foundation.framework; sourceTree = DEVELOPER_DIR; };
/* End PBXFileReference section */

/* Begin PBXFileSystemSynchronizedRootGroup section */
		9F799601302C5B96002984BD /* tempo */ = {
			isa = PBXFileSystemSynchronizedRootGroup;
			path = tempo;
			sourceTree = "<group>";
		};
		9F799611302C5B97002984BD /* tempoTests */ = {
			isa = PBXFileSystemSynchronizedRootGroup;
			path = tempoTests;
			sourceTree = "<group>";
		};
		9F79961B302C5B97002984BD /* tempoUITests */ = {
			isa = PBXFileSystemSynchronizedRootGroup;
			path = tempoUITests;
			sourceTree = "<group>";
		};
		A753D15F239E83A636FA8648 /* TempoWidget */ = {
			isa = PBXFileSystemSynchronizedRootGroup;
			path = TempoWidget;
			sourceTree = "<group>";
		};
		DA57310136B8E2FAFC9E788D /* Shared */ = {
			isa = PBXFileSystemSynchronizedRootGroup;
			path = Shared;
			sourceTree = "<group>";
		};
/* End PBXFileSystemSynchronizedRootGroup section */

/* Begin PBXFrameworksBuildPhase section */
		9F7995FC302C5B96002984BD /* Frameworks */ = {
			isa = PBXFrameworksBuildPhase;
			buildActionMask = 2147483647;
			files = (
			);
			runOnlyForDeploymentPostprocessing = 0;
		};
		9F79960B302C5B97002984BD /* Frameworks */ = {
			isa = PBXFrameworksBuildPhase;
			buildActionMask = 2147483647;
			files = (
			);
			runOnlyForDeploymentPostprocessing = 0;
		};
		9F799615302C5B97002984BD /* Frameworks */ = {
			isa = PBXFrameworksBuildPhase;
			buildActionMask = 2147483647;
			files = (
			);
			runOnlyForDeploymentPostprocessing = 0;
		};
		FDB372C1A82BAA2CFABC6F80 /* Frameworks */ = {
			isa = PBXFrameworksBuildPhase;
			buildActionMask = 2147483647;
			files = (
				A88CED51DC2CA9D71C5AA6E2 /* Foundation.framework in Frameworks */,
			);
			runOnlyForDeploymentPostprocessing = 0;
		};
/* End PBXFrameworksBuildPhase section */

/* Begin PBXGroup section */
		9F7995F6302C5B96002984BD = {
			isa = PBXGroup;
			children = (
				9F799601302C5B96002984BD /* tempo */,
				9F799611302C5B97002984BD /* tempoTests */,
				9F79961B302C5B97002984BD /* tempoUITests */,
				9F799600302C5B96002984BD /* Products */,
				DA57310136B8E2FAFC9E788D /* Shared */,
				A753D15F239E83A636FA8648 /* TempoWidget */,
				B999DDBA9E30FC8C60A008D4 /* Frameworks */,
				A3197AF8C385C52303D58A78 /* tempo/TempoWidget-Info.plist */,
			);
			sourceTree = "<group>";
		};
		9F799600302C5B96002984BD /* Products */ = {
			isa = PBXGroup;
			children = (
				9F7995FF302C5B96002984BD /* tempo.app */,
				9F79960E302C5B97002984BD /* tempoTests.xctest */,
				9F799618302C5B97002984BD /* tempoUITests.xctest */,
				89FA679E6CA249AD3997B5C6 /* TempoWidget.appex */,
			);
			name = Products;
			sourceTree = "<group>";
		};
		B999DDBA9E30FC8C60A008D4 /* Frameworks */ = {
			isa = PBXGroup;
			children = (
				FD37823F6C358D688D2833FD /* iOS */,
			);
			name = Frameworks;
			sourceTree = "<group>";
		};
		FD37823F6C358D688D2833FD /* iOS */ = {
			isa = PBXGroup;
			children = (
				D3AA94C541F5537AF8D3EB40 /* Foundation.framework */,
			);
			name = iOS;
			sourceTree = "<group>";
		};
/* End PBXGroup section */

/* Begin PBXNativeTarget section */
		9D55F96649749829D53C45A0 /* TempoWidget */ = {
			isa = PBXNativeTarget;
			buildConfigurationList = ACED8A4AF6EF901C4B37D3FE /* Build configuration list for PBXNativeTarget "TempoWidget" */;
			buildPhases = (
				DE37812696B370B6A50DCD88 /* Sources */,
				FDB372C1A82BAA2CFABC6F80 /* Frameworks */,
				6D0A72CAEF2FF41FAD6122CF /* Resources */,
			);
			buildRules = (
			);
			dependencies = (
			);
			fileSystemSynchronizedGroups = (
				A753D15F239E83A636FA8648 /* TempoWidget */,
				DA57310136B8E2FAFC9E788D /* Shared */,
			);
			name = TempoWidget;
			productName = TempoWidget;
			productReference = 89FA679E6CA249AD3997B5C6 /* TempoWidget.appex */;
			productType = "com.apple.product-type.app-extension";
		};
		9F7995FE302C5B96002984BD /* tempo */ = {
			isa = PBXNativeTarget;
			buildConfigurationList = 9F799622302C5B97002984BD /* Build configuration list for PBXNativeTarget "tempo" */;
			buildPhases = (
				9F7995FB302C5B96002984BD /* Sources */,
				9F7995FC302C5B96002984BD /* Frameworks */,
				9F7995FD302C5B96002984BD /* Resources */,
				E2C6539269709F9B53A9E204 /* Embed Foundation Extensions */,
			);
			buildRules = (
			);
			dependencies = (
				EAD8185A8F10EF4E925A6F41 /* PBXTargetDependency */,
			);
			fileSystemSynchronizedGroups = (
				9F799601302C5B96002984BD /* tempo */,
				DA57310136B8E2FAFC9E788D /* Shared */,
			);
			name = tempo;
			productName = tempo;
			productReference = 9F7995FF302C5B96002984BD /* tempo.app */;
			productType = "com.apple.product-type.application";
		};
		9F79960D302C5B97002984BD /* tempoTests */ = {
			isa = PBXNativeTarget;
			buildConfigurationList = 9F799625302C5B97002984BD /* Build configuration list for PBXNativeTarget "tempoTests" */;
			buildPhases = (
				9F79960A302C5B97002984BD /* Sources */,
				9F79960B302C5B97002984BD /* Frameworks */,
				9F79960C302C5B97002984BD /* Resources */,
			);
			buildRules = (
			);
			dependencies = (
				9F799610302C5B97002984BD /* PBXTargetDependency */,
			);
			fileSystemSynchronizedGroups = (
				9F799611302C5B97002984BD /* tempoTests */,
			);
			name = tempoTests;
			productName = tempoTests;
			productReference = 9F79960E302C5B97002984BD /* tempoTests.xctest */;
			productType = "com.apple.product-type.bundle.unit-test";
		};
		9F799617302C5B97002984BD /* tempoUITests */ = {
			isa = PBXNativeTarget;
			buildConfigurationList = 9F799628302C5B97002984BD /* Build configuration list for PBXNativeTarget "tempoUITests" */;
			buildPhases = (
				9F799614302C5B97002984BD /* Sources */,
				9F799615302C5B97002984BD /* Frameworks */,
				9F799616302C5B97002984BD /* Resources */,
			);
			buildRules = (
			);
			dependencies = (
				9F79961A302C5B97002984BD /* PBXTargetDependency */,
			);
			fileSystemSynchronizedGroups = (
				9F79961B302C5B97002984BD /* tempoUITests */,
			);
			name = tempoUITests;
			productName = tempoUITests;
			productReference = 9F799618302C5B97002984BD /* tempoUITests.xctest */;
			productType = "com.apple.product-type.bundle.ui-testing";
		};
/* End PBXNativeTarget section */

/* Begin PBXProject section */
		9F7995F7302C5B96002984BD /* Project object */ = {
			isa = PBXProject;
			attributes = {
				BuildIndependentTargetsInParallel = 1;
				LastSwiftUpdateCheck = 2650;
				LastUpgradeCheck = 2650;
				TargetAttributes = {
					9F7995FE302C5B96002984BD = {
						CreatedOnToolsVersion = 26.5;
					};
					9F79960D302C5B97002984BD = {
						CreatedOnToolsVersion = 26.5;
						TestTargetID = 9F7995FE302C5B96002984BD;
					};
					9F799617302C5B97002984BD = {
						CreatedOnToolsVersion = 26.5;
						TestTargetID = 9F7995FE302C5B96002984BD;
					};
				};
			};
			buildConfigurationList = 9F7995FA302C5B96002984BD /* Build configuration list for PBXProject "tempo" */;
			developmentRegion = en;
			hasScannedForEncodings = 0;
			knownRegions = (
				en,
				Base,
			);
			mainGroup = 9F7995F6302C5B96002984BD;
			minimizedProjectReferenceProxies = 1;
			preferredProjectObjectVersion = 77;
			productRefGroup = 9F799600302C5B96002984BD /* Products */;
			projectDirPath = "";
			projectRoot = "";
			targets = (
				9F7995FE302C5B96002984BD /* tempo */,
				9F79960D302C5B97002984BD /* tempoTests */,
				9F799617302C5B97002984BD /* tempoUITests */,
				9D55F96649749829D53C45A0 /* TempoWidget */,
			);
		};
/* End PBXProject section */

/* Begin PBXResourcesBuildPhase section */
		6D0A72CAEF2FF41FAD6122CF /* Resources */ = {
			isa = PBXResourcesBuildPhase;
			buildActionMask = 2147483647;
			files = (
			);
			runOnlyForDeploymentPostprocessing = 0;
		};
		9F7995FD302C5B96002984BD /* Resources */ = {
			isa = PBXResourcesBuildPhase;
			buildActionMask = 2147483647;
			files = (
			);
			runOnlyForDeploymentPostprocessing = 0;
		};
		9F79960C302C5B97002984BD /* Resources */ = {
			isa = PBXResourcesBuildPhase;
			buildActionMask = 2147483647;
			files = (
			);
			runOnlyForDeploymentPostprocessing = 0;
		};
		9F799616302C5B97002984BD /* Resources */ = {
			isa = PBXResourcesBuildPhase;
			buildActionMask = 2147483647;
			files = (
			);
			runOnlyForDeploymentPostprocessing = 0;
		};
/* End PBXResourcesBuildPhase section */

/* Begin PBXSourcesBuildPhase section */
		9F7995FB302C5B96002984BD /* Sources */ = {
			isa = PBXSourcesBuildPhase;
			buildActionMask = 2147483647;
			files = (
			);
			runOnlyForDeploymentPostprocessing = 0;
		};
		9F79960A302C5B97002984BD /* Sources */ = {
			isa = PBXSourcesBuildPhase;
			buildActionMask = 2147483647;
			files = (
			);
			runOnlyForDeploymentPostprocessing = 0;
		};
		9F799614302C5B97002984BD /* Sources */ = {
			isa = PBXSourcesBuildPhase;
			buildActionMask = 2147483647;
			files = (
			);
			runOnlyForDeploymentPostprocessing = 0;
		};
		DE37812696B370B6A50DCD88 /* Sources */ = {
			isa = PBXSourcesBuildPhase;
			buildActionMask = 2147483647;
			files = (
			);
			runOnlyForDeploymentPostprocessing = 0;
		};
/* End PBXSourcesBuildPhase section */

/* Begin PBXTargetDependency section */
		9F799610302C5B97002984BD /* PBXTargetDependency */ = {
			isa = PBXTargetDependency;
			target = 9F7995FE302C5B96002984BD /* tempo */;
			targetProxy = 9F79960F302C5B97002984BD /* PBXContainerItemProxy */;
		};
		9F79961A302C5B97002984BD /* PBXTargetDependency */ = {
			isa = PBXTargetDependency;
			target = 9F7995FE302C5B96002984BD /* tempo */;
			targetProxy = 9F799619302C5B97002984BD /* PBXContainerItemProxy */;
		};
		EAD8185A8F10EF4E925A6F41 /* PBXTargetDependency */ = {
			isa = PBXTargetDependency;
			name = TempoWidget;
			target = 9D55F96649749829D53C45A0 /* TempoWidget */;
			targetProxy = 18A81652AB9029244D59B0FE /* PBXContainerItemProxy */;
		};
/* End PBXTargetDependency section */

/* Begin XCBuildConfiguration section */
		0DFE94380D196D014E685CBB /* Release */ = {
			isa = XCBuildConfiguration;
			buildSettings = {
				CLANG_ENABLE_OBJC_WEAK = NO;
				CODE_SIGN_STYLE = Automatic;
				CURRENT_PROJECT_VERSION = 1;
				DEVELOPMENT_TEAM = 5BDB573D9N;
				GENERATE_INFOPLIST_FILE = NO;
				INFOPLIST_FILE = "TempoWidget-Info.plist";
				IPHONEOS_DEPLOYMENT_TARGET = 26.5;
				LD_RUNPATH_SEARCH_PATHS = (
					"$(inherited)",
					"@executable_path/Frameworks",
					"@executable_path/../../Frameworks",
				);
				MARKETING_VERSION = 1.0;
				PRODUCT_BUNDLE_IDENTIFIER = kr.me.seesaw.tempo.TempoWidget;
				PRODUCT_NAME = "$(TARGET_NAME)";
				SDKROOT = iphoneos;
				SKIP_INSTALL = YES;
				SWIFT_DEFAULT_ACTOR_ISOLATION = MainActor;
				SWIFT_EMIT_LOC_STRINGS = YES;
				SWIFT_VERSION = 5.0;
				TARGETED_DEVICE_FAMILY = "1,2";
				VALIDATE_PRODUCT = YES;
			};
			name = Release;
		};
		9F799620302C5B97002984BD /* Debug */ = {
			isa = XCBuildConfiguration;
			buildSettings = {
				ALWAYS_SEARCH_USER_PATHS = NO;
				ASSETCATALOG_COMPILER_GENERATE_SWIFT_ASSET_SYMBOL_EXTENSIONS = YES;
				CLANG_ANALYZER_NONNULL = YES;
				CLANG_ANALYZER_NUMBER_OBJECT_CONVERSION = YES_AGGRESSIVE;
				CLANG_CXX_LANGUAGE_STANDARD = "gnu++20";
				CLANG_ENABLE_MODULES = YES;
				CLANG_ENABLE_OBJC_ARC = YES;
				CLANG_ENABLE_OBJC_WEAK = YES;
				CLANG_WARN_BLOCK_CAPTURE_AUTORELEASING = YES;
				CLANG_WARN_BOOL_CONVERSION = YES;
				CLANG_WARN_COMMA = YES;
				CLANG_WARN_CONSTANT_CONVERSION = YES;
				CLANG_WARN_DEPRECATED_OBJC_IMPLEMENTATIONS = YES;
				CLANG_WARN_DIRECT_OBJC_ISA_USAGE = YES_ERROR;
				CLANG_WARN_DOCUMENTATION_COMMENTS = YES;
				CLANG_WARN_EMPTY_BODY = YES;
				CLANG_WARN_ENUM_CONVERSION = YES;
				CLANG_WARN_INFINITE_RECURSION = YES;
				CLANG_WARN_INT_CONVERSION = YES;
				CLANG_WARN_NON_LITERAL_NULL_CONVERSION = YES;
				CLANG_WARN_OBJC_IMPLICIT_RETAIN_SELF = YES;
				CLANG_WARN_OBJC_LITERAL_CONVERSION = YES;
				CLANG_WARN_OBJC_ROOT_CLASS = YES_ERROR;
				CLANG_WARN_QUOTED_INCLUDE_IN_FRAMEWORK_HEADER = YES;
				CLANG_WARN_RANGE_LOOP_ANALYSIS = YES;
				CLANG_WARN_STRICT_PROTOTYPES = YES;
				CLANG_WARN_SUSPICIOUS_MOVE = YES;
				CLANG_WARN_UNGUARDED_AVAILABILITY = YES_AGGRESSIVE;
				CLANG_WARN_UNREACHABLE_CODE = YES;
				CLANG_WARN__DUPLICATE_METHOD_MATCH = YES;
				COPY_PHASE_STRIP = NO;
				DEBUG_INFORMATION_FORMAT = dwarf;
				DEVELOPMENT_TEAM = 5BDB573D9N;
				ENABLE_STRICT_OBJC_MSGSEND = YES;
				ENABLE_TESTABILITY = YES;
				ENABLE_USER_SCRIPT_SANDBOXING = YES;
				GCC_C_LANGUAGE_STANDARD = gnu17;
				GCC_DYNAMIC_NO_PIC = NO;
				GCC_NO_COMMON_BLOCKS = YES;
				GCC_OPTIMIZATION_LEVEL = 0;
				GCC_PREPROCESSOR_DEFINITIONS = (
					"DEBUG=1",
					"$(inherited)",
				);
				GCC_WARN_64_TO_32_BIT_CONVERSION = YES;
				GCC_WARN_ABOUT_RETURN_TYPE = YES_ERROR;
				GCC_WARN_UNDECLARED_SELECTOR = YES;
				GCC_WARN_UNINITIALIZED_AUTOS = YES_AGGRESSIVE;
				GCC_WARN_UNUSED_FUNCTION = YES;
				GCC_WARN_UNUSED_VARIABLE = YES;
				IPHONEOS_DEPLOYMENT_TARGET = 26.5;
				LOCALIZATION_PREFERS_STRING_CATALOGS = YES;
				MTL_ENABLE_DEBUG_INFO = INCLUDE_SOURCE;
				MTL_FAST_MATH = YES;
				ONLY_ACTIVE_ARCH = YES;
				SDKROOT = iphoneos;
				SWIFT_ACTIVE_COMPILATION_CONDITIONS = "DEBUG $(inherited)";
				SWIFT_OPTIMIZATION_LEVEL = "-Onone";
			};
			name = Debug;
		};
		9F799621302C5B97002984BD /* Release */ = {
			isa = XCBuildConfiguration;
			buildSettings = {
				ALWAYS_SEARCH_USER_PATHS = NO;
				ASSETCATALOG_COMPILER_GENERATE_SWIFT_ASSET_SYMBOL_EXTENSIONS = YES;
				CLANG_ANALYZER_NONNULL = YES;
				CLANG_ANALYZER_NUMBER_OBJECT_CONVERSION = YES_AGGRESSIVE;
				CLANG_CXX_LANGUAGE_STANDARD = "gnu++20";
				CLANG_ENABLE_MODULES = YES;
				CLANG_ENABLE_OBJC_ARC = YES;
				CLANG_ENABLE_OBJC_WEAK = YES;
				CLANG_WARN_BLOCK_CAPTURE_AUTORELEASING = YES;
				CLANG_WARN_BOOL_CONVERSION = YES;
				CLANG_WARN_COMMA = YES;
				CLANG_WARN_CONSTANT_CONVERSION = YES;
				CLANG_WARN_DEPRECATED_OBJC_IMPLEMENTATIONS = YES;
				CLANG_WARN_DIRECT_OBJC_ISA_USAGE = YES_ERROR;
				CLANG_WARN_DOCUMENTATION_COMMENTS = YES;
				CLANG_WARN_EMPTY_BODY = YES;
				CLANG_WARN_ENUM_CONVERSION = YES;
				CLANG_WARN_INFINITE_RECURSION = YES;
				CLANG_WARN_INT_CONVERSION = YES;
				CLANG_WARN_NON_LITERAL_NULL_CONVERSION = YES;
				CLANG_WARN_OBJC_IMPLICIT_RETAIN_SELF = YES;
				CLANG_WARN_OBJC_LITERAL_CONVERSION = YES;
				CLANG_WARN_OBJC_ROOT_CLASS = YES_ERROR;
				CLANG_WARN_QUOTED_INCLUDE_IN_FRAMEWORK_HEADER = YES;
				CLANG_WARN_RANGE_LOOP_ANALYSIS = YES;
				CLANG_WARN_STRICT_PROTOTYPES = YES;
				CLANG_WARN_SUSPICIOUS_MOVE = YES;
				CLANG_WARN_UNGUARDED_AVAILABILITY = YES_AGGRESSIVE;
				CLANG_WARN_UNREACHABLE_CODE = YES;
				CLANG_WARN__DUPLICATE_METHOD_MATCH = YES;
				COPY_PHASE_STRIP = NO;
				DEBUG_INFORMATION_FORMAT = "dwarf-with-dsym";
				DEVELOPMENT_TEAM = 5BDB573D9N;
				ENABLE_NS_ASSERTIONS = NO;
				ENABLE_STRICT_OBJC_MSGSEND = YES;
				ENABLE_USER_SCRIPT_SANDBOXING = YES;
				GCC_C_LANGUAGE_STANDARD = gnu17;
				GCC_NO_COMMON_BLOCKS = YES;
				GCC_WARN_64_TO_32_BIT_CONVERSION = YES;
				GCC_WARN_ABOUT_RETURN_TYPE = YES_ERROR;
				GCC_WARN_UNDECLARED_SELECTOR = YES;
				GCC_WARN_UNINITIALIZED_AUTOS = YES_AGGRESSIVE;
				GCC_WARN_UNUSED_FUNCTION = YES;
				GCC_WARN_UNUSED_VARIABLE = YES;
				IPHONEOS_DEPLOYMENT_TARGET = 26.5;
				LOCALIZATION_PREFERS_STRING_CATALOGS = YES;
				MTL_ENABLE_DEBUG_INFO = NO;
				MTL_FAST_MATH = YES;
				SDKROOT = iphoneos;
				SWIFT_COMPILATION_MODE = wholemodule;
				VALIDATE_PRODUCT = YES;
			};
			name = Release;
		};
		9F799623302C5B97002984BD /* Debug */ = {
			isa = XCBuildConfiguration;
			buildSettings = {
				ASSETCATALOG_COMPILER_APPICON_NAME = AppIcon;
				ASSETCATALOG_COMPILER_GLOBAL_ACCENT_COLOR_NAME = AccentColor;
				CODE_SIGN_STYLE = Automatic;
				CURRENT_PROJECT_VERSION = 1;
				DEVELOPMENT_TEAM = 5BDB573D9N;
				ENABLE_PREVIEWS = YES;
				GENERATE_INFOPLIST_FILE = YES;
				INFOPLIST_KEY_NSMicrophoneUsageDescription = "운동 알림 사운드 큐를 직접 녹음하기 위해 마이크를 사용합니다. 녹음 파일은 기기 안에만 저장됩니다.";
				INFOPLIST_KEY_NSSupportsLiveActivities = YES;
				INFOPLIST_KEY_UIApplicationSceneManifest_Generation = YES;
				INFOPLIST_KEY_UIApplicationSupportsIndirectInputEvents = YES;
				INFOPLIST_KEY_UILaunchScreen_Generation = YES;
				INFOPLIST_KEY_UISupportedInterfaceOrientations_iPad = "UIInterfaceOrientationPortrait UIInterfaceOrientationPortraitUpsideDown UIInterfaceOrientationLandscapeLeft UIInterfaceOrientationLandscapeRight";
				INFOPLIST_KEY_UISupportedInterfaceOrientations_iPhone = UIInterfaceOrientationPortrait;
				LD_RUNPATH_SEARCH_PATHS = (
					"$(inherited)",
					"@executable_path/Frameworks",
				);
				MARKETING_VERSION = 1.0;
				PRODUCT_BUNDLE_IDENTIFIER = kr.me.seesaw.tempo;
				PRODUCT_NAME = "$(TARGET_NAME)";
				STRING_CATALOG_GENERATE_SYMBOLS = YES;
				SWIFT_APPROACHABLE_CONCURRENCY = YES;
				SWIFT_DEFAULT_ACTOR_ISOLATION = MainActor;
				SWIFT_EMIT_LOC_STRINGS = YES;
				SWIFT_UPCOMING_FEATURE_MEMBER_IMPORT_VISIBILITY = YES;
				SWIFT_VERSION = 5.0;
				TARGETED_DEVICE_FAMILY = "1,2";
			};
			name = Debug;
		};
		9F799624302C5B97002984BD /* Release */ = {
			isa = XCBuildConfiguration;
			buildSettings = {
				ASSETCATALOG_COMPILER_APPICON_NAME = AppIcon;
				ASSETCATALOG_COMPILER_GLOBAL_ACCENT_COLOR_NAME = AccentColor;
				CODE_SIGN_STYLE = Automatic;
				CURRENT_PROJECT_VERSION = 1;
				DEVELOPMENT_TEAM = 5BDB573D9N;
				ENABLE_PREVIEWS = YES;
				GENERATE_INFOPLIST_FILE = YES;
				INFOPLIST_KEY_NSMicrophoneUsageDescription = "운동 알림 사운드 큐를 직접 녹음하기 위해 마이크를 사용합니다. 녹음 파일은 기기 안에만 저장됩니다.";
				INFOPLIST_KEY_NSSupportsLiveActivities = YES;
				INFOPLIST_KEY_UIApplicationSceneManifest_Generation = YES;
				INFOPLIST_KEY_UIApplicationSupportsIndirectInputEvents = YES;
				INFOPLIST_KEY_UILaunchScreen_Generation = YES;
				INFOPLIST_KEY_UISupportedInterfaceOrientations_iPad = "UIInterfaceOrientationPortrait UIInterfaceOrientationPortraitUpsideDown UIInterfaceOrientationLandscapeLeft UIInterfaceOrientationLandscapeRight";
				INFOPLIST_KEY_UISupportedInterfaceOrientations_iPhone = UIInterfaceOrientationPortrait;
				LD_RUNPATH_SEARCH_PATHS = (
					"$(inherited)",
					"@executable_path/Frameworks",
				);
				MARKETING_VERSION = 1.0;
				PRODUCT_BUNDLE_IDENTIFIER = kr.me.seesaw.tempo;
				PRODUCT_NAME = "$(TARGET_NAME)";
				STRING_CATALOG_GENERATE_SYMBOLS = YES;
				SWIFT_APPROACHABLE_CONCURRENCY = YES;
				SWIFT_DEFAULT_ACTOR_ISOLATION = MainActor;
				SWIFT_EMIT_LOC_STRINGS = YES;
				SWIFT_UPCOMING_FEATURE_MEMBER_IMPORT_VISIBILITY = YES;
				SWIFT_VERSION = 5.0;
				TARGETED_DEVICE_FAMILY = "1,2";
			};
			name = Release;
		};
		9F799626302C5B97002984BD /* Debug */ = {
			isa = XCBuildConfiguration;
			buildSettings = {
				BUNDLE_LOADER = "$(TEST_HOST)";
				CODE_SIGN_STYLE = Automatic;
				CURRENT_PROJECT_VERSION = 1;
				DEVELOPMENT_TEAM = 5BDB573D9N;
				GENERATE_INFOPLIST_FILE = YES;
				IPHONEOS_DEPLOYMENT_TARGET = 26.5;
				MARKETING_VERSION = 1.0;
				PRODUCT_BUNDLE_IDENTIFIER = kr.me.seesaw.tempoTests;
				PRODUCT_NAME = "$(TARGET_NAME)";
				STRING_CATALOG_GENERATE_SYMBOLS = NO;
				SWIFT_APPROACHABLE_CONCURRENCY = YES;
				SWIFT_EMIT_LOC_STRINGS = NO;
				SWIFT_UPCOMING_FEATURE_MEMBER_IMPORT_VISIBILITY = YES;
				SWIFT_VERSION = 5.0;
				TARGETED_DEVICE_FAMILY = "1,2";
				TEST_HOST = "$(BUILT_PRODUCTS_DIR)/tempo.app/$(BUNDLE_EXECUTABLE_FOLDER_PATH)/tempo";
			};
			name = Debug;
		};
		9F799627302C5B97002984BD /* Release */ = {
			isa = XCBuildConfiguration;
			buildSettings = {
				BUNDLE_LOADER = "$(TEST_HOST)";
				CODE_SIGN_STYLE = Automatic;
				CURRENT_PROJECT_VERSION = 1;
				DEVELOPMENT_TEAM = 5BDB573D9N;
				GENERATE_INFOPLIST_FILE = YES;
				IPHONEOS_DEPLOYMENT_TARGET = 26.5;
				MARKETING_VERSION = 1.0;
				PRODUCT_BUNDLE_IDENTIFIER = kr.me.seesaw.tempoTests;
				PRODUCT_NAME = "$(TARGET_NAME)";
				STRING_CATALOG_GENERATE_SYMBOLS = NO;
				SWIFT_APPROACHABLE_CONCURRENCY = YES;
				SWIFT_EMIT_LOC_STRINGS = NO;
				SWIFT_UPCOMING_FEATURE_MEMBER_IMPORT_VISIBILITY = YES;
				SWIFT_VERSION = 5.0;
				TARGETED_DEVICE_FAMILY = "1,2";
				TEST_HOST = "$(BUILT_PRODUCTS_DIR)/tempo.app/$(BUNDLE_EXECUTABLE_FOLDER_PATH)/tempo";
			};
			name = Release;
		};
		9F799629302C5B97002984BD /* Debug */ = {
			isa = XCBuildConfiguration;
			buildSettings = {
				CODE_SIGN_STYLE = Automatic;
				CURRENT_PROJECT_VERSION = 1;
				DEVELOPMENT_TEAM = 5BDB573D9N;
				GENERATE_INFOPLIST_FILE = YES;
				MARKETING_VERSION = 1.0;
				PRODUCT_BUNDLE_IDENTIFIER = kr.me.seesaw.tempoUITests;
				PRODUCT_NAME = "$(TARGET_NAME)";
				STRING_CATALOG_GENERATE_SYMBOLS = NO;
				SWIFT_APPROACHABLE_CONCURRENCY = YES;
				SWIFT_EMIT_LOC_STRINGS = NO;
				SWIFT_UPCOMING_FEATURE_MEMBER_IMPORT_VISIBILITY = YES;
				SWIFT_VERSION = 5.0;
				TARGETED_DEVICE_FAMILY = "1,2";
				TEST_TARGET_NAME = tempo;
			};
			name = Debug;
		};
		9F79962A302C5B97002984BD /* Release */ = {
			isa = XCBuildConfiguration;
			buildSettings = {
				CODE_SIGN_STYLE = Automatic;
				CURRENT_PROJECT_VERSION = 1;
				DEVELOPMENT_TEAM = 5BDB573D9N;
				GENERATE_INFOPLIST_FILE = YES;
				MARKETING_VERSION = 1.0;
				PRODUCT_BUNDLE_IDENTIFIER = kr.me.seesaw.tempoUITests;
				PRODUCT_NAME = "$(TARGET_NAME)";
				STRING_CATALOG_GENERATE_SYMBOLS = NO;
				SWIFT_APPROACHABLE_CONCURRENCY = YES;
				SWIFT_EMIT_LOC_STRINGS = NO;
				SWIFT_UPCOMING_FEATURE_MEMBER_IMPORT_VISIBILITY = YES;
				SWIFT_VERSION = 5.0;
				TARGETED_DEVICE_FAMILY = "1,2";
				TEST_TARGET_NAME = tempo;
			};
			name = Release;
		};
		DDCAF0288D69185EB5BFF65D /* Debug */ = {
			isa = XCBuildConfiguration;
			buildSettings = {
				CLANG_ENABLE_OBJC_WEAK = NO;
				CODE_SIGN_STYLE = Automatic;
				CURRENT_PROJECT_VERSION = 1;
				DEVELOPMENT_TEAM = 5BDB573D9N;
				GENERATE_INFOPLIST_FILE = NO;
				INFOPLIST_FILE = "TempoWidget-Info.plist";
				IPHONEOS_DEPLOYMENT_TARGET = 26.5;
				LD_RUNPATH_SEARCH_PATHS = (
					"$(inherited)",
					"@executable_path/Frameworks",
					"@executable_path/../../Frameworks",
				);
				MARKETING_VERSION = 1.0;
				PRODUCT_BUNDLE_IDENTIFIER = kr.me.seesaw.tempo.TempoWidget;
				PRODUCT_NAME = "$(TARGET_NAME)";
				SDKROOT = iphoneos;
				SKIP_INSTALL = YES;
				SWIFT_DEFAULT_ACTOR_ISOLATION = MainActor;
				SWIFT_EMIT_LOC_STRINGS = YES;
				SWIFT_VERSION = 5.0;
				TARGETED_DEVICE_FAMILY = "1,2";
			};
			name = Debug;
		};
/* End XCBuildConfiguration section */

/* Begin XCConfigurationList section */
		9F7995FA302C5B96002984BD /* Build configuration list for PBXProject "tempo" */ = {
			isa = XCConfigurationList;
			buildConfigurations = (
				9F799620302C5B97002984BD /* Debug */,
				9F799621302C5B97002984BD /* Release */,
			);
			defaultConfigurationIsVisible = 0;
			defaultConfigurationName = Release;
		};
		9F799622302C5B97002984BD /* Build configuration list for PBXNativeTarget "tempo" */ = {
			isa = XCConfigurationList;
			buildConfigurations = (
				9F799623302C5B97002984BD /* Debug */,
				9F799624302C5B97002984BD /* Release */,
			);
			defaultConfigurationIsVisible = 0;
			defaultConfigurationName = Release;
		};
		9F799625302C5B97002984BD /* Build configuration list for PBXNativeTarget "tempoTests" */ = {
			isa = XCConfigurationList;
			buildConfigurations = (
				9F799626302C5B97002984BD /* Debug */,
				9F799627302C5B97002984BD /* Release */,
			);
			defaultConfigurationIsVisible = 0;
			defaultConfigurationName = Release;
		};
		9F799628302C5B97002984BD /* Build configuration list for PBXNativeTarget "tempoUITests" */ = {
			isa = XCConfigurationList;
			buildConfigurations = (
				9F799629302C5B97002984BD /* Debug */,
				9F79962A302C5B97002984BD /* Release */,
			);
			defaultConfigurationIsVisible = 0;
			defaultConfigurationName = Release;
		};
		ACED8A4AF6EF901C4B37D3FE /* Build configuration list for PBXNativeTarget "TempoWidget" */ = {
			isa = XCConfigurationList;
			buildConfigurations = (
				0DFE94380D196D014E685CBB /* Release */,
				DDCAF0288D69185EB5BFF65D /* Debug */,
			);
			defaultConfigurationIsVisible = 0;
			defaultConfigurationName = Release;
		};
/* End XCConfigurationList section */
	};
	rootObject = 9F7995F7302C5B96002984BD /* Project object */;
}
